
Microsoft Visual Studio Solution File, Format Version 12.00
# Visual Studio Version 17
VisualStudioVersion = 17.7.34031.279
MinimumVisualStudioVersion = 10.0.40219.1
Project("{FAE04EC0-301F-11D3-BF4B-00C04F79EFBC}") = "test2NenadLijeskic", "test2NenadLijeskic\test2NenadLijeskic.csproj", "{C51643D0-43D9-4652-8B78-3AC4F041BE53}"
EndProject
Global
	GlobalSection(SolutionConfigurationPlatforms) = preSolution
		Debug|Any CPU = Debug|Any CPU
		Release|Any CPU = Release|Any CPU
	EndGlobalSection
	GlobalSection(ProjectConfigurationPlatforms) = postSolution
		{C51643D0-43D9-4652-8B78-3AC4F041BE53}.Debug|Any CPU.ActiveCfg = Debug|Any CPU
		{C51643D0-43D9-4652-8B78-3AC4F041BE53}.Debug|Any CPU.Build.0 = Debug|Any CPU
		{C51643D0-43D9-4652-8B78-3AC4F041BE53}.Release|Any CPU.ActiveCfg = Release|Any CPU
		{C51643D0-43D9-4652-8B78-3AC4F041BE53}.Release|Any CPU.Build.0 = Release|Any CPU
	EndGlobalSection
	GlobalSection(SolutionProperties) = preSolution
		HideSolutionNode = FALSE
	EndGlobalSection
	GlobalSection(ExtensibilityGlobals) = postSolution
		SolutionGuid = {B137C969-592B-4181-AAFE-6B131297C1E2}
	EndGlobalSection
EndGlobal
